
Microsoft Visual Studio Solution File, Format Version 12.00
# Visual Studio Version 17
VisualStudioVersion = 17.5.33502.453
MinimumVisualStudioVersion = 10.0.40219.1
Project("{9A19103F-16F7-4668-BE54-9A1E7A4F7556}") = "Langchain", "Langchain\Langchain.csproj", "{321AC295-AE58-4646-BACD-8978E32B8076}"
EndProject
Project("{9A19103F-16F7-4668-BE54-9A1E7A4F7556}") = "ScratchPad", "ScratchPad\ScratchPad.csproj", "{932DC269-1E68-44FA-8BCC-DFD2E8039494}"
EndProject
Global
	GlobalSection(SolutionConfigurationPlatforms) = preSolution
		Debug|Any CPU = Debug|Any CPU
		Debug|x64 = Debug|x64
		Release|Any CPU = Release|Any CPU
		Release|x64 = Release|x64
	EndGlobalSection
	GlobalSection(ProjectConfigurationPlatforms) = postSolution
		{321AC295-AE58-4646-BACD-8978E32B8076}.Debug|Any CPU.ActiveCfg = Debug|Any CPU
		{321AC295-AE58-4646-BACD-8978E32B8076}.Debug|Any CPU.Build.0 = Debug|Any CPU
		{321AC295-AE58-4646-BACD-8978E32B8076}.Debug|x64.ActiveCfg = Debug|x64
		{321AC295-AE58-4646-BACD-8978E32B8076}.Debug|x64.Build.0 = Debug|x64
		{321AC295-AE58-4646-BACD-8978E32B8076}.Release|Any CPU.ActiveCfg = Release|Any CPU
		{321AC295-AE58-4646-BACD-8978E32B8076}.Release|Any CPU.Build.0 = Release|Any CPU
		{321AC295-AE58-4646-BACD-8978E32B8076}.Release|x64.ActiveCfg = Release|x64
		{321AC295-AE58-4646-BACD-8978E32B8076}.Release|x64.Build.0 = Release|x64
		{932DC269-1E68-44FA-8BCC-DFD2E8039494}.Debug|Any CPU.ActiveCfg = Debug|Any CPU
		{932DC269-1E68-44FA-8BCC-DFD2E8039494}.Debug|Any CPU.Build.0 = Debug|Any CPU
		{932DC269-1E68-44FA-8BCC-DFD2E8039494}.Debug|x64.ActiveCfg = Debug|x64
		{932DC269-1E68-44FA-8BCC-DFD2E8039494}.Debug|x64.Build.0 = Debug|x64
		{932DC269-1E68-44FA-8BCC-DFD2E8039494}.Release|Any CPU.ActiveCfg = Release|Any CPU
		{932DC269-1E68-44FA-8BCC-DFD2E8039494}.Release|Any CPU.Build.0 = Release|Any CPU
		{932DC269-1E68-44FA-8BCC-DFD2E8039494}.Release|x64.ActiveCfg = Release|x64
		{932DC269-1E68-44FA-8BCC-DFD2E8039494}.Release|x64.Build.0 = Release|x64
	EndGlobalSection
	GlobalSection(SolutionProperties) = preSolution
		HideSolutionNode = FALSE
	EndGlobalSection
	GlobalSection(ExtensibilityGlobals) = postSolution
		SolutionGuid = {97F036F5-9867-4483-8EB4-6F3EBA1BECCF}
	EndGlobalSection
EndGlobal
